// !$*UTF8*$!
{
	archiveVersion = 1;
	classes = {
	};
	objectVersion = 46;
	objects = {

/* Begin PBXBuildFile section */
		BB12901219E145BB00945985 /* ViewController.m in Sources */ = {isa = PBXBuildFile; fileRef = BB8EC4B419E0FD97001AED08 /* ViewController.m */; };
		BB8EC4AF19E0FD97001AED08 /* main.m in Sources */ = {isa = PBXBuildFile; fileRef = BB8EC4AE19E0FD97001AED08 /* main.m */; };
		BB8EC4B219E0FD97001AED08 /* AppDelegate.m in Sources */ = {isa = PBXBuildFile; fileRef = BB8EC4B119E0FD97001AED08 /* AppDelegate.m */; };
		BB8EC4B519E0FD97001AED08 /* ViewController.m in Sources */ = {isa = PBXBuildFile; fileRef = BB8EC4B419E0FD97001AED08 /* ViewController.m */; };
		BB8EC4B819E0FD97001AED08 /* Main.storyboard in Resources */ = {isa = PBXBuildFile; fileRef = BB8EC4B619E0FD97001AED08 /* Main.storyboard */; };
		BB8EC4BA19E0FD97001AED08 /* Images.xcassets in Resources */ = {isa = PBXBuildFile; fileRef = BB8EC4B919E0FD97001AED08 /* Images.xcassets */; };
		BB8EC4BD19E0FD97001AED08 /* LaunchScreen.xib in Resources */ = {isa = PBXBuildFile; fileRef = BB8EC4BB19E0FD97001AED08 /* LaunchScreen.xib */; };
		BB8EC4C919E0FD97001AED08 /* SnapcheatTests.m in Sources */ = {isa = PBXBuildFile; fileRef = BB8EC4C819E0FD97001AED08 /* SnapcheatTests.m */; };
		BB8EC4D919E12942001AED08 /* DropboxSDK.framework in Frameworks */ = {isa = PBXBuildFile; fileRef = BB8EC4D819E12942001AED08 /* DropboxSDK.framework */; };
		BB8EC4DB19E12BF3001AED08 /* Security.framework in Frameworks */ = {isa = PBXBuildFile; fileRef = BB8EC4DA19E12BF3001AED08 /* Security.framework */; };
		BB8EC4DD19E12BF9001AED08 /* QuartzCore.framework in Frameworks */ = {isa = PBXBuildFile; fileRef = BB8EC4DC19E12BF9001AED08 /* QuartzCore.framework */; };
		BB8EC4DF19E13CF1001AED08 /* snap cheat logo cal hacks.png in Resources */ = {isa = PBXBuildFile; fileRef = BB8EC4DE19E13CF1001AED08 /* snap cheat logo cal hacks.png */; };
/* End PBXBuildFile section */

/* Begin PBXContainerItemProxy section */
		BB8EC4C319E0FD97001AED08 /* PBXContainerItemProxy */ = {
			isa = PBXContainerItemProxy;
			containerPortal = BB8EC4A119E0FD97001AED08 /* Project object */;
			proxyType = 1;
			remoteGlobalIDString = BB8EC4A819E0FD97001AED08;
			remoteInfo = Snapcheat;
		};
/* End PBXContainerItemProxy section */

/* Begin PBXFileReference section */
		BB8EC4A919E0FD97001AED08 /* Snapcheat.app */ = {isa = PBXFileReference; explicitFileType = wrapper.application; includeInIndex = 0; path = Snapcheat.app; sourceTree = BUILT_PRODUCTS_DIR; };
		BB8EC4AD19E0FD97001AED08 /* Info.plist */ = {isa = PBXFileReference; lastKnownFileType = text.plist.xml; path = Info.plist; sourceTree = "<group>"; };
		BB8EC4AE19E0FD97001AED08 /* main.m */ = {isa = PBXFileReference; lastKnownFileType = sourcecode.c.objc; path = main.m; sourceTree = "<group>"; };
		BB8EC4B019E0FD97001AED08 /* AppDelegate.h */ = {isa = PBXFileReference; lastKnownFileType = sourcecode.c.h; path = AppDelegate.h; sourceTree = "<group>"; };
		BB8EC4B119E0FD97001AED08 /* AppDelegate.m */ = {isa = PBXFileReference; lastKnownFileType = sourcecode.c.objc; path = AppDelegate.m; sourceTree = "<group>"; };
		BB8EC4B319E0FD97001AED08 /* ViewController.h */ = {isa = PBXFileReference; lastKnownFileType = sourcecode.c.h; path = ViewController.h; sourceTree = "<group>"; };
		BB8EC4B419E0FD97001AED08 /* ViewController.m */ = {isa = PBXFileReference; lastKnownFileType = sourcecode.c.objc; path = ViewController.m; sourceTree = "<group>"; };
		BB8EC4B719E0FD97001AED08 /* Base */ = {isa = PBXFileReference; lastKnownFileType = file.storyboard; name = Base; path = Base.lproj/Main.storyboard; sourceTree = "<group>"; };
		BB8EC4B919E0FD97001AED08 /* Images.xcassets */ = {isa = PBXFileReference; lastKnownFileType = folder.assetcatalog; path = Images.xcassets; sourceTree = "<group>"; };
		BB8EC4BC19E0FD97001AED08 /* Base */ = {isa = PBXFileReference; lastKnownFileType = file.xib; name = Base; path = Base.lproj/LaunchScreen.xib; sourceTree = "<group>"; };
		BB8EC4C219E0FD97001AED08 /* SnapcheatTests.xctest */ = {isa = PBXFileReference; explicitFileType = wrapper.cfbundle; includeInIndex = 0; path = SnapcheatTests.xctest; sourceTree = BUILT_PRODUCTS_DIR; };
		BB8EC4C719E0FD97001AED08 /* Info.plist */ = {isa = PBXFileReference; lastKnownFileType = text.plist.xml; path = Info.plist; sourceTree = "<group>"; };
		BB8EC4C819E0FD97001AED08 /* SnapcheatTests.m */ = {isa = PBXFileReference; lastKnownFileType = sourcecode.c.objc; path = SnapcheatTests.m; sourceTree = "<group>"; };
		BB8EC4D819E12942001AED08 /* DropboxSDK.framework */ = {isa = PBXFileReference; lastKnownFileType = wrapper.framework; name = DropboxSDK.framework; path = Snapcheat/DropboxSDK.framework; sourceTree = SOURCE_ROOT; };
		BB8EC4DA19E12BF3001AED08 /* Security.framework */ = {isa = PBXFileReference; lastKnownFileType = wrapper.framework; name = Security.framework; path = System/Library/Frameworks/Security.framework; sourceTree = SDKROOT; };
		BB8EC4DC19E12BF9001AED08 /* QuartzCore.framework */ = {isa = PBXFileReference; lastKnownFileType = wrapper.framework; name = QuartzCore.framework; path = System/Library/Frameworks/QuartzCore.framework; sourceTree = SDKROOT; };
		BB8EC4DE19E13CF1001AED08 /* snap cheat logo cal hacks.png */ = {isa = PBXFileReference; lastKnownFileType = image.png; name = "snap cheat logo cal hacks.png"; path = "../../snap cheat logo cal hacks.png"; sourceTree = "<group>"; };
/* End PBXFileReference section */

/* Begin PBXFrameworksBuildPhase section */
		BB8EC4A619E0FD97001AED08 /* Frameworks */ = {
			isa = PBXFrameworksBuildPhase;
			buildActionMask = 2147483647;
			files = (
				BB8EC4DD19E12BF9001AED08 /* QuartzCore.framework in Frameworks */,
				BB8EC4DB19E12BF3001AED08 /* Security.framework in Frameworks */,
				BB8EC4D919E12942001AED08 /* DropboxSDK.framework in Frameworks */,
			);
			runOnlyForDeploymentPostprocessing = 0;
		};
		BB8EC4BF19E0FD97001AED08 /* Frameworks */ = {
			isa = PBXFrameworksBuildPhase;
			buildActionMask = 2147483647;
			files = (
			);
			runOnlyForDeploymentPostprocessing = 0;
		};
/* End PBXFrameworksBuildPhase section */

/* Begin PBXGroup section */
		BB8EC4A019E0FD97001AED08 = {
			isa = PBXGroup;
			children = (
				BB8EC4AB19E0FD97001AED08 /* Snapcheat */,
				BB8EC4C519E0FD97001AED08 /* SnapcheatTests */,
				BB8EC4AA19E0FD97001AED08 /* Products */,
			);
			sourceTree = "<group>";
		};
		BB8EC4AA19E0FD97001AED08 /* Products */ = {
			isa = PBXGroup;
			children = (
				BB8EC4A919E0FD97001AED08 /* Snapcheat.app */,
				BB8EC4C219E0FD97001AED08 /* SnapcheatTests.xctest */,
			);
			name = Products;
			sourceTree = "<group>";
		};
		BB8EC4AB19E0FD97001AED08 /* Snapcheat */ = {
			isa = PBXGroup;
			children = (
				BB8EC4DC19E12BF9001AED08 /* QuartzCore.framework */,
				BB8EC4DA19E12BF3001AED08 /* Security.framework */,
				BB8EC4D819E12942001AED08 /* DropboxSDK.framework */,
				BB8EC4B019E0FD97001AED08 /* AppDelegate.h */,
				BB8EC4B119E0FD97001AED08 /* AppDelegate.m */,
				BB8EC4B319E0FD97001AED08 /* ViewController.h */,
				BB8EC4B419E0FD97001AED08 /* ViewController.m */,
				BB8EC4B619E0FD97001AED08 /* Main.storyboard */,
				BB8EC4AC19E0FD97001AED08 /* Supporting Files */,
			);
			path = Snapcheat;
			sourceTree = "<group>";
		};
		BB8EC4AC19E0FD97001AED08 /* Supporting Files */ = {
			isa = PBXGroup;
			children = (
				BB8EC4DE19E13CF1001AED08 /* snap cheat logo cal hacks.png */,
				BB8EC4BB19E0FD97001AED08 /* LaunchScreen.xib */,
				BB8EC4B919E0FD97001AED08 /* Images.xcassets */,
				BB8EC4AD19E0FD97001AED08 /* Info.plist */,
				BB8EC4AE19E0FD97001AED08 /* main.m */,
			);
			name = "Supporting Files";
			sourceTree = "<group>";
		};
		BB8EC4C519E0FD97001AED08 /* SnapcheatTests */ = {
			isa = PBXGroup;
			children = (
				BB8EC4C819E0FD97001AED08 /* SnapcheatTests.m */,
				BB8EC4C619E0FD97001AED08 /* Supporting Files */,
			);
			path = SnapcheatTests;
			sourceTree = "<group>";
		};
		BB8EC4C619E0FD97001AED08 /* Supporting Files */ = {
			isa = PBXGroup;
			children = (
				BB8EC4C719E0FD97001AED08 /* Info.plist */,
			);
			name = "Supporting Files";
			sourceTree = "<group>";
		};
/* End PBXGroup section */

/* Begin PBXNativeTarget section */
		BB8EC4A819E0FD97001AED08 /* Snapcheat */ = {
			isa = PBXNativeTarget;
			buildConfigurationList = BB8EC4CC19E0FD97001AED08 /* Build configuration list for PBXNativeTarget "Snapcheat" */;
			buildPhases = (
				BB8EC4A519E0FD97001AED08 /* Sources */,
				BB8EC4A619E0FD97001AED08 /* Frameworks */,
				BB8EC4A719E0FD97001AED08 /* Resources */,
			);
			buildRules = (
			);
			dependencies = (
			);
			name = Snapcheat;
			productName = Snapcheat;
			productReference = BB8EC4A919E0FD97001AED08 /* Snapcheat.app */;
			productType = "com.apple.product-type.application";
		};
		BB8EC4C119E0FD97001AED08 /* SnapcheatTests */ = {
			isa = PBXNativeTarget;
			buildConfigurationList = BB8EC4CF19E0FD97001AED08 /* Build configuration list for PBXNativeTarget "SnapcheatTests" */;
			buildPhases = (
				BB8EC4BE19E0FD97001AED08 /* Sources */,
				BB8EC4BF19E0FD97001AED08 /* Frameworks */,
				BB8EC4C019E0FD97001AED08 /* Resources */,
			);
			buildRules = (
			);
			dependencies = (
				BB8EC4C419E0FD97001AED08 /* PBXTargetDependency */,
			);
			name = SnapcheatTests;
			productName = SnapcheatTests;
			productReference = BB8EC4C219E0FD97001AED08 /* SnapcheatTests.xctest */;
			productType = "com.apple.product-type.bundle.unit-test";
		};
/* End PBXNativeTarget section */

/* Begin PBXProject section */
		BB8EC4A119E0FD97001AED08 /* Project object */ = {
			isa = PBXProject;
			attributes = {
				LastUpgradeCheck = 0600;
				ORGANIZATIONNAME = "Angel Perez";
				TargetAttributes = {
					BB8EC4A819E0FD97001AED08 = {
						CreatedOnToolsVersion = 6.0.1;
					};
					BB8EC4C119E0FD97001AED08 = {
						CreatedOnToolsVersion = 6.0.1;
						TestTargetID = BB8EC4A819E0FD97001AED08;
					};
				};
			};
			buildConfigurationList = BB8EC4A419E0FD97001AED08 /* Build configuration list for PBXProject "Snapcheat" */;
			compatibilityVersion = "Xcode 3.2";
			developmentRegion = English;
			hasScannedForEncodings = 0;
			knownRegions = (
				en,
				Base,
			);
			mainGroup = BB8EC4A019E0FD97001AED08;
			productRefGroup = BB8EC4AA19E0FD97001AED08 /* Products */;
			projectDirPath = "";
			projectRoot = "";
			targets = (
				BB8EC4A819E0FD97001AED08 /* Snapcheat */,
				BB8EC4C119E0FD97001AED08 /* SnapcheatTests */,
			);
		};
/* End PBXProject section */

/* Begin PBXResourcesBuildPhase section */
		BB8EC4A719E0FD97001AED08 /* Resources */ = {
			isa = PBXResourcesBuildPhase;
			buildActionMask = 2147483647;
			files = (
				BB8EC4B819E0FD97001AED08 /* Main.storyboard in Resources */,
				BB8EC4BD19E0FD97001AED08 /* LaunchScreen.xib in Resources */,
				BB8EC4DF19E13CF1001AED08 /* snap cheat logo cal hacks.png in Resources */,
				BB8EC4BA19E0FD97001AED08 /* Images.xcassets in Resources */,
			);
			runOnlyForDeploymentPostprocessing = 0;
		};
		BB8EC4C019E0FD97001AED08 /* Resources */ = {
			isa = PBXResourcesBuildPhase;
			buildActionMask = 2147483647;
			files = (
			);
			runOnlyForDeploymentPostprocessing = 0;
		};
/* End PBXResourcesBuildPhase section */

/* Begin PBXSourcesBuildPhase section */
		BB8EC4A519E0FD97001AED08 /* Sources */ = {
			isa = PBXSourcesBuildPhase;
			buildActionMask = 2147483647;
			files = (
				BB8EC4B519E0FD97001AED08 /* ViewController.m in Sources */,
				BB8EC4B219E0FD97001AED08 /* AppDelegate.m in Sources */,
				BB8EC4AF19E0FD97001AED08 /* main.m in Sources */,
			);
			runOnlyForDeploymentPostprocessing = 0;
		};
		BB8EC4BE19E0FD97001AED08 /* Sources */ = {
			isa = PBXSourcesBuildPhase;
			buildActionMask = 2147483647;
			files = (
				BB12901219E145BB00945985 /* ViewController.m in Sources */,
				BB8EC4C919E0FD97001AED08 /* SnapcheatTests.m in Sources */,
			);
			runOnlyForDeploymentPostprocessing = 0;
		};
/* End PBXSourcesBuildPhase section */

/* Begin PBXTargetDependency section */
		BB8EC4C419E0FD97001AED08 /* PBXTargetDependency */ = {
			isa = PBXTargetDependency;
			target = BB8EC4A819E0FD97001AED08 /* Snapcheat */;
			targetProxy = BB8EC4C319E0FD97001AED08 /* PBXContainerItemProxy */;
		};
/* End PBXTargetDependency section */

/* Begin PBXVariantGroup section */
		BB8EC4B619E0FD97001AED08 /* Main.storyboard */ = {
			isa = PBXVariantGroup;
			children = (
				BB8EC4B719E0FD97001AED08 /* Base */,
			);
			name = Main.storyboard;
			sourceTree = "<group>";
		};
		BB8EC4BB19E0FD97001AED08 /* LaunchScreen.xib */ = {
			isa = PBXVariantGroup;
			children = (
				BB8EC4BC19E0FD97001AED08 /* Base */,
			);
			name = LaunchScreen.xib;
			sourceTree = "<group>";
		};
/* End PBXVariantGroup section */

/* Begin XCBuildConfiguration section */
		BB8EC4CA19E0FD97001AED08 /* Debug */ = {
			isa = XCBuildConfiguration;
			buildSettings = {
				ALWAYS_SEARCH_USER_PATHS = NO;
				CLANG_CXX_LANGUAGE_STANDARD = "gnu++0x";
				CLANG_CXX_LIBRARY = "libc++";
				CLANG_ENABLE_MODULES = YES;
				CLANG_ENABLE_OBJC_ARC = YES;
				CLANG_WARN_BOOL_CONVERSION = YES;
				CLANG_WARN_CONSTANT_CONVERSION = YES;
				CLANG_WARN_DIRECT_OBJC_ISA_USAGE = YES_ERROR;
				CLANG_WARN_EMPTY_BODY = YES;
				CLANG_WARN_ENUM_CONVERSION = YES;
				CLANG_WARN_INT_CONVERSION = YES;
				CLANG_WARN_OBJC_ROOT_CLASS = YES_ERROR;
				CLANG_WARN_UNREACHABLE_CODE = YES;
				CLANG_WARN__DUPLICATE_METHOD_MATCH = YES;
				"CODE_SIGN_IDENTITY[sdk=iphoneos*]" = "iPhone Developer";
				COPY_PHASE_STRIP = NO;
				ENABLE_STRICT_OBJC_MSGSEND = YES;
				GCC_C_LANGUAGE_STANDARD = gnu99;
				GCC_DYNAMIC_NO_PIC = NO;
				GCC_OPTIMIZATION_LEVEL = 0;
				GCC_PREPROCESSOR_DEFINITIONS = (
					"DEBUG=1",
					"$(inherited)",
				);
				GCC_SYMBOLS_PRIVATE_EXTERN = NO;
				GCC_WARN_64_TO_32_BIT_CONVERSION = YES;
				GCC_WARN_ABOUT_RETURN_TYPE = YES_ERROR;
				GCC_WARN_UNDECLARED_SELECTOR = YES;
				GCC_WARN_UNINITIALIZED_AUTOS = YES_AGGRESSIVE;
				GCC_WARN_UNUSED_FUNCTION = YES;
				GCC_WARN_UNUSED_VARIABLE = YES;
				IPHONEOS_DEPLOYMENT_TARGET = 8.0;
				MTL_ENABLE_DEBUG_INFO = YES;
				ONLY_ACTIVE_ARCH = YES;
				SDKROOT = iphoneos;
			};
			name = Debug;
		};
		BB8EC4CB19E0FD97001AED08 /* Release */ = {
			isa = XCBuildConfiguration;
			buildSettings = {
				ALWAYS_SEARCH_USER_PATHS = NO;
				CLANG_CXX_LANGUAGE_STANDARD = "gnu++0x";
				CLANG_CXX_LIBRARY = "libc++";
				CLANG_ENABLE_MODULES = YES;
				CLANG_ENABLE_OBJC_ARC = YES;
				CLANG_WARN_BOOL_CONVERSION = YES;
				CLANG_WARN_CONSTANT_CONVERSION = YES;
				CLANG_WARN_DIRECT_OBJC_ISA_USAGE = YES_ERROR;
				CLANG_WARN_EMPTY_BODY = YES;
				CLANG_WARN_ENUM_CONVERSION = YES;
				CLANG_WARN_INT_CONVERSION = YES;
				CLANG_WARN_OBJC_ROOT_CLASS = YES_ERROR;
				CLANG_WARN_UNREACHABLE_CODE = YES;
				CLANG_WARN__DUPLICATE_METHOD_MATCH = YES;
				"CODE_SIGN_IDENTITY[sdk=iphoneos*]" = "iPhone Developer";
				COPY_PHASE_STRIP = YES;
				ENABLE_NS_ASSERTIONS = NO;
				ENABLE_STRICT_OBJC_MSGSEND = YES;
				GCC_C_LANGUAGE_STANDARD = gnu99;
				GCC_WARN_64_TO_32_BIT_CONVERSION = YES;
				GCC_WARN_ABOUT_RETURN_TYPE = YES_ERROR;
				GCC_WARN_UNDECLARED_SELECTOR = YES;
				GCC_WARN_UNINITIALIZED_AUTOS = YES_AGGRESSIVE;
				GCC_WARN_UNUSED_FUNCTION = YES;
				GCC_WARN_UNUSED_VARIABLE = YES;
				IPHONEOS_DEPLOYMENT_TARGET = 8.0;
				MTL_ENABLE_DEBUG_INFO = NO;
				SDKROOT = iphoneos;
				VALIDATE_PRODUCT = YES;
			};
			name = Release;
		};
		BB8EC4CD19E0FD97001AED08 /* Debug */ = {
			isa = XCBuildConfiguration;
			buildSettings = {
				ASSETCATALOG_COMPILER_APPICON_NAME = AppIcon;
				FRAMEWORK_SEARCH_PATHS = (
					"$(inherited)",
					"$(PROJECT_DIR)/Snapcheat",
				);
				INFOPLIST_FILE = Snapcheat/Info.plist;
				LD_RUNPATH_SEARCH_PATHS = "$(inherited) @executable_path/Frameworks";
				PRODUCT_NAME = "$(TARGET_NAME)";
			};
			name = Debug;
		};
		BB8EC4CE19E0FD97001AED08 /* Release */ = {
			isa = XCBuildConfiguration;
			buildSettings = {
				ASSETCATALOG_COMPILER_APPICON_NAME = AppIcon;
				FRAMEWORK_SEARCH_PATHS = (
					"$(inherited)",
					"$(PROJECT_DIR)/Snapcheat",
				);
				INFOPLIST_FILE = Snapcheat/Info.plist;
				LD_RUNPATH_SEARCH_PATHS = "$(inherited) @executable_path/Frameworks";
				PRODUCT_NAME = "$(TARGET_NAME)";
			};
			name = Release;
		};
		BB8EC4D019E0FD97001AED08 /* Debug */ = {
			isa = XCBuildConfiguration;
			buildSettings = {
				BUNDLE_LOADER = "$(TEST_HOST)";
				FRAMEWORK_SEARCH_PATHS = (
					"$(SDKROOT)/Developer/Library/Frameworks",
					"$(inherited)",
				);
				GCC_PREPROCESSOR_DEFINITIONS = (
					"DEBUG=1",
					"$(inherited)",
				);
				INFOPLIST_FILE = SnapcheatTests/Info.plist;
				LD_RUNPATH_SEARCH_PATHS = "$(inherited) @executable_path/Frameworks @loader_path/Frameworks";
				PRODUCT_NAME = "$(TARGET_NAME)";
				TEST_HOST = "$(BUILT_PRODUCTS_DIR)/Snapcheat.app/Snapcheat";
			};
			name = Debug;
		};
		BB8EC4D119E0FD97001AED08 /* Release */ = {
			isa = XCBuildConfiguration;
			buildSettings = {
				BUNDLE_LOADER = "$(TEST_HOST)";
				FRAMEWORK_SEARCH_PATHS = (
					"$(SDKROOT)/Developer/Library/Frameworks",
					"$(inherited)",
				);
				INFOPLIST_FILE = SnapcheatTests/Info.plist;
				LD_RUNPATH_SEARCH_PATHS = "$(inherited) @executable_path/Frameworks @loader_path/Frameworks";
				PRODUCT_NAME = "$(TARGET_NAME)";
				TEST_HOST = "$(BUILT_PRODUCTS_DIR)/Snapcheat.app/Snapcheat";
			};
			name = Release;
		};
/* End XCBuildConfiguration section */

/* Begin XCConfigurationList section */
		BB8EC4A419E0FD97001AED08 /* Build configuration list for PBXProject "Snapcheat" */ = {
			isa = XCConfigurationList;
			buildConfigurations = (
				BB8EC4CA19E0FD97001AED08 /* Debug */,
				BB8EC4CB19E0FD97001AED08 /* Release */,
			);
			defaultConfigurationIsVisible = 0;
			defaultConfigurationName = Release;
		};
		BB8EC4CC19E0FD97001AED08 /* Build configuration list for PBXNativeTarget "Snapcheat" */ = {
			isa = XCConfigurationList;
			buildConfigurations = (
				BB8EC4CD19E0FD97001AED08 /* Debug */,
				BB8EC4CE19E0FD97001AED08 /* Release */,
			);
			defaultConfigurationIsVisible = 0;
			defaultConfigurationName = Release;
		};
		BB8EC4CF19E0FD97001AED08 /* Build configuration list for PBXNativeTarget "SnapcheatTests" */ = {
			isa = XCConfigurationList;
			buildConfigurations = (
				BB8EC4D019E0FD97001AED08 /* Debug */,
				BB8EC4D119E0FD97001AED08 /* Release */,
			);
			defaultConfigurationIsVisible = 0;
			defaultConfigurationName = Release;
		};
/* End XCConfigurationList section */
	};
	rootObject = BB8EC4A119E0FD97001AED08 /* Project object */;
}
